
Microsoft Visual Studio Solution File, Format Version 12.00
# Visual Studio Version 17
VisualStudioVersion = 17.4.33213.308
MinimumVisualStudioVersion = 10.0.40219.1
Project("{FAE04EC0-301F-11D3-BF4B-00C04F79EFBC}") = "Pokedex V3", "Pokedex V3\Pokedex V3.csproj", "{D5D85439-9D6A-4303-9149-2A433B54280E}"
EndProject
Global
	GlobalSection(SolutionConfigurationPlatforms) = preSolution
		Debug|Any CPU = Debug|Any CPU
		Release|Any CPU = Release|Any CPU
	EndGlobalSection
	GlobalSection(ProjectConfigurationPlatforms) = postSolution
		{D5D85439-9D6A-4303-9149-2A433B54280E}.Debug|Any CPU.ActiveCfg = Debug|Any CPU
		{D5D85439-9D6A-4303-9149-2A433B54280E}.Debug|Any CPU.Build.0 = Debug|Any CPU
		{D5D85439-9D6A-4303-9149-2A433B54280E}.Release|Any CPU.ActiveCfg = Release|Any CPU
		{D5D85439-9D6A-4303-9149-2A433B54280E}.Release|Any CPU.Build.0 = Release|Any CPU
	EndGlobalSection
	GlobalSection(SolutionProperties) = preSolution
		HideSolutionNode = FALSE
	EndGlobalSection
	GlobalSection(ExtensibilityGlobals) = postSolution
		SolutionGuid = {61074F45-3B6F-480C-A41B-6D2AE1ACD4CB}
	EndGlobalSection
EndGlobal
